// !$*UTF8*$!
{
	archiveVersion = 1;
	classes = {
	};
	objectVersion = 50;
	objects = {

/* Begin PBXBuildFile section */
		49774BA421C55EBC00D30EB4 /* AppDelegate.swift in Sources */ = {isa = PBXBuildFile; fileRef = 49774BA321C55EBC00D30EB4 /* AppDelegate.swift */; };
		49774BA621C55EBC00D30EB4 /* ViewController.swift in Sources */ = {isa = PBXBuildFile; fileRef = 49774BA521C55EBC00D30EB4 /* ViewController.swift */; };
		49774BA921C55EBC00D30EB4 /* Main.storyboard in Resources */ = {isa = PBXBuildFile; fileRef = 49774BA721C55EBC00D30EB4 /* Main.storyboard */; };
		49774BAB21C55EBE00D30EB4 /* Assets.xcassets in Resources */ = {isa = PBXBuildFile; fileRef = 49774BAA21C55EBE00D30EB4 /* Assets.xcassets */; };
		49774BAE21C55EBE00D30EB4 /* LaunchScreen.storyboard in Resources */ = {isa = PBXBuildFile; fileRef = 49774BAC21C55EBE00D30EB4 /* LaunchScreen.storyboard */; };
		49774BB921C55EBE00D30EB4 /* IamRichTests.swift in Sources */ = {isa = PBXBuildFile; fileRef = 49774BB821C55EBE00D30EB4 /* IamRichTests.swift */; };
		49774BC421C55EBE00D30EB4 /* IamRichUITests.swift in Sources */ = {isa = PBXBuildFile; fileRef = 49774BC321C55EBE00D30EB4 /* IamRichUITests.swift */; };
/* End PBXBuildFile section */

/* Begin PBXContainerItemProxy section */
		49774BB521C55EBE00D30EB4 /* PBXContainerItemProxy */ = {
			isa = PBXContainerItemProxy;
			containerPortal = 49774B9821C55EBC00D30EB4 /* Project object */;
			proxyType = 1;
			remoteGlobalIDString = 49774B9F21C55EBC00D30EB4;
			remoteInfo = IamRich;
		};
		49774BC021C55EBE00D30EB4 /* PBXContainerItemProxy */ = {
			isa = PBXContainerItemProxy;
			containerPortal = 49774B9821C55EBC00D30EB4 /* Project object */;
			proxyType = 1;
			remoteGlobalIDString = 49774B9F21C55EBC00D30EB4;
			remoteInfo = IamRich;
		};
/* End PBXContainerItemProxy section */

/* Begin PBXFileReference section */
		49774BA021C55EBC00D30EB4 /* IamRich.app */ = {isa = PBXFileReference; explicitFileType = wrapper.application; includeInIndex = 0; path = IamRich.app; sourceTree = BUILT_PRODUCTS_DIR; };
		49774BA321C55EBC00D30EB4 /* AppDelegate.swift */ = {isa = PBXFileReference; lastKnownFileType = sourcecode.swift; path = AppDelegate.swift; sourceTree = "<group>"; };
		49774BA521C55EBC00D30EB4 /* ViewController.swift */ = {isa = PBXFileReference; lastKnownFileType = sourcecode.swift; path = ViewController.swift; sourceTree = "<group>"; };
		49774BA821C55EBC00D30EB4 /* Base */ = {isa = PBXFileReference; lastKnownFileType = file.storyboard; name = Base; path = Base.lproj/Main.storyboard; sourceTree = "<group>"; };
		49774BAA21C55EBE00D30EB4 /* Assets.xcassets */ = {isa = PBXFileReference; lastKnownFileType = folder.assetcatalog; path = Assets.xcassets; sourceTree = "<group>"; };
		49774BAD21C55EBE00D30EB4 /* Base */ = {isa = PBXFileReference; lastKnownFileType = file.storyboard; name = Base; path = Base.lproj/LaunchScreen.storyboard; sourceTree = "<group>"; };
		49774BAF21C55EBE00D30EB4 /* Info.plist */ = {isa = PBXFileReference; lastKnownFileType = text.plist.xml; path = Info.plist; sourceTree = "<group>"; };
		49774BB421C55EBE00D30EB4 /* IamRichTests.xctest */ = {isa = PBXFileReference; explicitFileType = wrapper.cfbundle; includeInIndex = 0; path = IamRichTests.xctest; sourceTree = BUILT_PRODUCTS_DIR; };
		49774BB821C55EBE00D30EB4 /* IamRichTests.swift */ = {isa = PBXFileReference; lastKnownFileType = sourcecode.swift; path = IamRichTests.swift; sourceTree = "<group>"; };
		49774BBA21C55EBE00D30EB4 /* Info.plist */ = {isa = PBXFileReference; lastKnownFileType = text.plist.xml; path = Info.plist; sourceTree = "<group>"; };
		49774BBF21C55EBE00D30EB4 /* IamRichUITests.xctest */ = {isa = PBXFileReference; explicitFileType = wrapper.cfbundle; includeInIndex = 0; path = IamRichUITests.xctest; sourceTree = BUILT_PRODUCTS_DIR; };
		49774BC321C55EBE00D30EB4 /* IamRichUITests.swift */ = {isa = PBXFileReference; lastKnownFileType = sourcecode.swift; path = IamRichUITests.swift; sourceTree = "<group>"; };
		49774BC521C55EBE00D30EB4 /* Info.plist */ = {isa = PBXFileReference; lastKnownFileType = text.plist.xml; path = Info.plist; sourceTree = "<group>"; };
/* End PBXFileReference section */

/* Begin PBXFrameworksBuildPhase section */
		49774B9D21C55EBC00D30EB4 /* Frameworks */ = {
			isa = PBXFrameworksBuildPhase;
			buildActionMask = 2147483647;
			files = (
			);
			runOnlyForDeploymentPostprocessing = 0;
		};
		49774BB121C55EBE00D30EB4 /* Frameworks */ = {
			isa = PBXFrameworksBuildPhase;
			buildActionMask = 2147483647;
			files = (
			);
			runOnlyForDeploymentPostprocessing = 0;
		};
		49774BBC21C55EBE00D30EB4 /* Frameworks */ = {
			isa = PBXFrameworksBuildPhase;
			buildActionMask = 2147483647;
			files = (
			);
			runOnlyForDeploymentPostprocessing = 0;
		};
/* End PBXFrameworksBuildPhase section */

/* Begin PBXGroup section */
		49774B9721C55EBC00D30EB4 = {
			isa = PBXGroup;
			children = (
				49774BA221C55EBC00D30EB4 /* IamRich */,
				49774BB721C55EBE00D30EB4 /* IamRichTests */,
				49774BC221C55EBE00D30EB4 /* IamRichUITests */,
				49774BA121C55EBC00D30EB4 /* Products */,
			);
			sourceTree = "<group>";
		};
		49774BA121C55EBC00D30EB4 /* Products */ = {
			isa = PBXGroup;
			children = (
				49774BA021C55EBC00D30EB4 /* IamRich.app */,
				49774BB421C55EBE00D30EB4 /* IamRichTests.xctest */,
				49774BBF21C55EBE00D30EB4 /* IamRichUITests.xctest */,
			);
			name = Products;
			sourceTree = "<group>";
		};
		49774BA221C55EBC00D30EB4 /* IamRich */ = {
			isa = PBXGroup;
			children = (
				49774BA321C55EBC00D30EB4 /* AppDelegate.swift */,
				49774BA521C55EBC00D30EB4 /* ViewController.swift */,
				49774BA721C55EBC00D30EB4 /* Main.storyboard */,
				49774BAA21C55EBE00D30EB4 /* Assets.xcassets */,
				49774BAC21C55EBE00D30EB4 /* LaunchScreen.storyboard */,
				49774BAF21C55EBE00D30EB4 /* Info.plist */,
			);
			path = IamRich;
			sourceTree = "<group>";
		};
		49774BB721C55EBE00D30EB4 /* IamRichTests */ = {
			isa = PBXGroup;
			children = (
				49774BB821C55EBE00D30EB4 /* IamRichTests.swift */,
				49774BBA21C55EBE00D30EB4 /* Info.plist */,
			);
			path = IamRichTests;
			sourceTree = "<group>";
		};
		49774BC221C55EBE00D30EB4 /* IamRichUITests */ = {
			isa = PBXGroup;
			children = (
				49774BC321C55EBE00D30EB4 /* IamRichUITests.swift */,
				49774BC521C55EBE00D30EB4 /* Info.plist */,
			);
			path = IamRichUITests;
			sourceTree = "<group>";
		};
/* End PBXGroup section */

/* Begin PBXNativeTarget section */
		49774B9F21C55EBC00D30EB4 /* IamRich */ = {
			isa = PBXNativeTarget;
			buildConfigurationList = 49774BC821C55EBE00D30EB4 /* Build configuration list for PBXNativeTarget "IamRich" */;
			buildPhases = (
				49774B9C21C55EBC00D30EB4 /* Sources */,
				49774B9D21C55EBC00D30EB4 /* Frameworks */,
				49774B9E21C55EBC00D30EB4 /* Resources */,
			);
			buildRules = (
			);
			dependencies = (
			);
			name = IamRich;
			productName = IamRich;
			productReference = 49774BA021C55EBC00D30EB4 /* IamRich.app */;
			productType = "com.apple.product-type.application";
		};
		49774BB321C55EBE00D30EB4 /* IamRichTests */ = {
			isa = PBXNativeTarget;
			buildConfigurationList = 49774BCB21C55EBE00D30EB4 /* Build configuration list for PBXNativeTarget "IamRichTests" */;
			buildPhases = (
				49774BB021C55EBE00D30EB4 /* Sources */,
				49774BB121C55EBE00D30EB4 /* Frameworks */,
				49774BB221C55EBE00D30EB4 /* Resources */,
			);
			buildRules = (
			);
			dependencies = (
				49774BB621C55EBE00D30EB4 /* PBXTargetDependency */,
			);
			name = IamRichTests;
			productName = IamRichTests;
			productReference = 49774BB421C55EBE00D30EB4 /* IamRichTests.xctest */;
			productType = "com.apple.product-type.bundle.unit-test";
		};
		49774BBE21C55EBE00D30EB4 /* IamRichUITests */ = {
			isa = PBXNativeTarget;
			buildConfigurationList = 49774BCE21C55EBE00D30EB4 /* Build configuration list for PBXNativeTarget "IamRichUITests" */;
			buildPhases = (
				49774BBB21C55EBE00D30EB4 /* Sources */,
				49774BBC21C55EBE00D30EB4 /* Frameworks */,
				49774BBD21C55EBE00D30EB4 /* Resources */,
			);
			buildRules = (
			);
			dependencies = (
				49774BC121C55EBE00D30EB4 /* PBXTargetDependency */,
			);
			name = IamRichUITests;
			productName = IamRichUITests;
			productReference = 49774BBF21C55EBE00D30EB4 /* IamRichUITests.xctest */;
			productType = "com.apple.product-type.bundle.ui-testing";
		};
/* End PBXNativeTarget section */

/* Begin PBXProject section */
		49774B9821C55EBC00D30EB4 /* Project object */ = {
			isa = PBXProject;
			attributes = {
				LastSwiftUpdateCheck = 1010;
				LastUpgradeCheck = 1010;
				ORGANIZATIONNAME = Assuresoft;
				TargetAttributes = {
					49774B9F21C55EBC00D30EB4 = {
						CreatedOnToolsVersion = 10.1;
					};
					49774BB321C55EBE00D30EB4 = {
						CreatedOnToolsVersion = 10.1;
						TestTargetID = 49774B9F21C55EBC00D30EB4;
					};
					49774BBE21C55EBE00D30EB4 = {
						CreatedOnToolsVersion = 10.1;
						TestTargetID = 49774B9F21C55EBC00D30EB4;
					};
				};
			};
			buildConfigurationList = 49774B9B21C55EBC00D30EB4 /* Build configuration list for PBXProject "IamRich" */;
			compatibilityVersion = "Xcode 9.3";
			developmentRegion = en;
			hasScannedForEncodings = 0;
			knownRegions = (
				en,
				Base,
			);
			mainGroup = 49774B9721C55EBC00D30EB4;
			productRefGroup = 49774BA121C55EBC00D30EB4 /* Products */;
			projectDirPath = "";
			projectRoot = "";
			targets = (
				49774B9F21C55EBC00D30EB4 /* IamRich */,
				49774BB321C55EBE00D30EB4 /* IamRichTests */,
				49774BBE21C55EBE00D30EB4 /* IamRichUITests */,
			);
		};
/* End PBXProject section */

/* Begin PBXResourcesBuildPhase section */
		49774B9E21C55EBC00D30EB4 /* Resources */ = {
			isa = PBXResourcesBuildPhase;
			buildActionMask = 2147483647;
			files = (
				49774BAE21C55EBE00D30EB4 /* LaunchScreen.storyboard in Resources */,
				49774BAB21C55EBE00D30EB4 /* Assets.xcassets in Resources */,
				49774BA921C55EBC00D30EB4 /* Main.storyboard in Resources */,
			);
			runOnlyForDeploymentPostprocessing = 0;
		};
		49774BB221C55EBE00D30EB4 /* Resources */ = {
			isa = PBXResourcesBuildPhase;
			buildActionMask = 2147483647;
			files = (
			);
			runOnlyForDeploymentPostprocessing = 0;
		};
		49774BBD21C55EBE00D30EB4 /* Resources */ = {
			isa = PBXResourcesBuildPhase;
			buildActionMask = 2147483647;
			files = (
			);
			runOnlyForDeploymentPostprocessing = 0;
		};
/* End PBXResourcesBuildPhase section */

/* Begin PBXSourcesBuildPhase section */
		49774B9C21C55EBC00D30EB4 /* Sources */ = {
			isa = PBXSourcesBuildPhase;
			buildActionMask = 2147483647;
			files = (
				49774BA621C55EBC00D30EB4 /* ViewController.swift in Sources */,
				49774BA421C55EBC00D30EB4 /* AppDelegate.swift in Sources */,
			);
			runOnlyForDeploymentPostprocessing = 0;
		};
		49774BB021C55EBE00D30EB4 /* Sources */ = {
			isa = PBXSourcesBuildPhase;
			buildActionMask = 2147483647;
			files = (
				49774BB921C55EBE00D30EB4 /* IamRichTests.swift in Sources */,
			);
			runOnlyForDeploymentPostprocessing = 0;
		};
		49774BBB21C55EBE00D30EB4 /* Sources */ = {
			isa = PBXSourcesBuildPhase;
			buildActionMask = 2147483647;
			files = (
				49774BC421C55EBE00D30EB4 /* IamRichUITests.swift in Sources */,
			);
			runOnlyForDeploymentPostprocessing = 0;
		};
/* End PBXSourcesBuildPhase section */

/* Begin PBXTargetDependency section */
		49774BB621C55EBE00D30EB4 /* PBXTargetDependency */ = {
			isa = PBXTargetDependency;
			target = 49774B9F21C55EBC00D30EB4 /* IamRich */;
			targetProxy = 49774BB521C55EBE00D30EB4 /* PBXContainerItemProxy */;
		};
		49774BC121C55EBE00D30EB4 /* PBXTargetDependency */ = {
			isa = PBXTargetDependency;
			target = 49774B9F21C55EBC00D30EB4 /* IamRich */;
			targetProxy = 49774BC021C55EBE00D30EB4 /* PBXContainerItemProxy */;
		};
/* End PBXTargetDependency section */

/* Begin PBXVariantGroup section */
		49774BA721C55EBC00D30EB4 /* Main.storyboard */ = {
			isa = PBXVariantGroup;
			children = (
				49774BA821C55EBC00D30EB4 /* Base */,
			);
			name = Main.storyboard;
			sourceTree = "<group>";
		};
		49774BAC21C55EBE00D30EB4 /* LaunchScreen.storyboard */ = {
			isa = PBXVariantGroup;
			children = (
				49774BAD21C55EBE00D30EB4 /* Base */,
			);
			name = LaunchScreen.storyboard;
			sourceTree = "<group>";
		};
/* End PBXVariantGroup section */

/* Begin XCBuildConfiguration section */
		49774BC621C55EBE00D30EB4 /* Debug */ = {
			isa = XCBuildConfiguration;
			buildSettings = {
				ALWAYS_SEARCH_USER_PATHS = NO;
				CLANG_ANALYZER_NONNULL = YES;
				CLANG_ANALYZER_NUMBER_OBJECT_CONVERSION = YES_AGGRESSIVE;
				CLANG_CXX_LANGUAGE_STANDARD = "gnu++14";
				CLANG_CXX_LIBRARY = "libc++";
				CLANG_ENABLE_MODULES = YES;
				CLANG_ENABLE_OBJC_ARC = YES;
				CLANG_ENABLE_OBJC_WEAK = YES;
				CLANG_WARN_BLOCK_CAPTURE_AUTORELEASING = YES;
				CLANG_WARN_BOOL_CONVERSION = YES;
				CLANG_WARN_COMMA = YES;
				CLANG_WARN_CONSTANT_CONVERSION = YES;
				CLANG_WARN_DEPRECATED_OBJC_IMPLEMENTATIONS = YES;
				CLANG_WARN_DIRECT_OBJC_ISA_USAGE = YES_ERROR;
				CLANG_WARN_DOCUMENTATION_COMMENTS = YES;
				CLANG_WARN_EMPTY_BODY = YES;
				CLANG_WARN_ENUM_CONVERSION = YES;
				CLANG_WARN_INFINITE_RECURSION = YES;
				CLANG_WARN_INT_CONVERSION = YES;
				CLANG_WARN_NON_LITERAL_NULL_CONVERSION = YES;
				CLANG_WARN_OBJC_IMPLICIT_RETAIN_SELF = YES;
				CLANG_WARN_OBJC_LITERAL_CONVERSION = YES;
				CLANG_WARN_OBJC_ROOT_CLASS = YES_ERROR;
				CLANG_WARN_RANGE_LOOP_ANALYSIS = YES;
				CLANG_WARN_STRICT_PROTOTYPES = YES;
				CLANG_WARN_SUSPICIOUS_MOVE = YES;
				CLANG_WARN_UNGUARDED_AVAILABILITY = YES_AGGRESSIVE;
				CLANG_WARN_UNREACHABLE_CODE = YES;
				CLANG_WARN__DUPLICATE_METHOD_MATCH = YES;
				CODE_SIGN_IDENTITY = "iPhone Developer";
				COPY_PHASE_STRIP = NO;
				DEBUG_INFORMATION_FORMAT = dwarf;
				ENABLE_STRICT_OBJC_MSGSEND = YES;
				ENABLE_TESTABILITY = YES;
				GCC_C_LANGUAGE_STANDARD = gnu11;
				GCC_DYNAMIC_NO_PIC = NO;
				GCC_NO_COMMON_BLOCKS = YES;
				GCC_OPTIMIZATION_LEVEL = 0;
				GCC_PREPROCESSOR_DEFINITIONS = (
					"DEBUG=1",
					"$(inherited)",
				);
				GCC_WARN_64_TO_32_BIT_CONVERSION = YES;
				GCC_WARN_ABOUT_RETURN_TYPE = YES_ERROR;
				GCC_WARN_UNDECLARED_SELECTOR = YES;
				GCC_WARN_UNINITIALIZED_AUTOS = YES_AGGRESSIVE;
				GCC_WARN_UNUSED_FUNCTION = YES;
				GCC_WARN_UNUSED_VARIABLE = YES;
				IPHONEOS_DEPLOYMENT_TARGET = 12.1;
				MTL_ENABLE_DEBUG_INFO = INCLUDE_SOURCE;
				MTL_FAST_MATH = YES;
				ONLY_ACTIVE_ARCH = YES;
				SDKROOT = iphoneos;
				SWIFT_ACTIVE_COMPILATION_CONDITIONS = DEBUG;
				SWIFT_OPTIMIZATION_LEVEL = "-Onone";
			};
			name = Debug;
		};
		49774BC721C55EBE00D30EB4 /* Release */ = {
			isa = XCBuildConfiguration;
			buildSettings = {
				ALWAYS_SEARCH_USER_PATHS = NO;
				CLANG_ANALYZER_NONNULL = YES;
				CLANG_ANALYZER_NUMBER_OBJECT_CONVERSION = YES_AGGRESSIVE;
				CLANG_CXX_LANGUAGE_STANDARD = "gnu++14";
				CLANG_CXX_LIBRARY = "libc++";
				CLANG_ENABLE_MODULES = YES;
				CLANG_ENABLE_OBJC_ARC = YES;
				CLANG_ENABLE_OBJC_WEAK = YES;
				CLANG_WARN_BLOCK_CAPTURE_AUTORELEASING = YES;
				CLANG_WARN_BOOL_CONVERSION = YES;
				CLANG_WARN_COMMA = YES;
				CLANG_WARN_CONSTANT_CONVERSION = YES;
				CLANG_WARN_DEPRECATED_OBJC_IMPLEMENTATIONS = YES;
				CLANG_WARN_DIRECT_OBJC_ISA_USAGE = YES_ERROR;
				CLANG_WARN_DOCUMENTATION_COMMENTS = YES;
				CLANG_WARN_EMPTY_BODY = YES;
				CLANG_WARN_ENUM_CONVERSION = YES;
				CLANG_WARN_INFINITE_RECURSION = YES;
				CLANG_WARN_INT_CONVERSION = YES;
				CLANG_WARN_NON_LITERAL_NULL_CONVERSION = YES;
				CLANG_WARN_OBJC_IMPLICIT_RETAIN_SELF = YES;
				CLANG_WARN_OBJC_LITERAL_CONVERSION = YES;
				CLANG_WARN_OBJC_ROOT_CLASS = YES_ERROR;
				CLANG_WARN_RANGE_LOOP_ANALYSIS = YES;
				CLANG_WARN_STRICT_PROTOTYPES = YES;
				CLANG_WARN_SUSPICIOUS_MOVE = YES;
				CLANG_WARN_UNGUARDED_AVAILABILITY = YES_AGGRESSIVE;
				CLANG_WARN_UNREACHABLE_CODE = YES;
				CLANG_WARN__DUPLICATE_METHOD_MATCH = YES;
				CODE_SIGN_IDENTITY = "iPhone Developer";
				COPY_PHASE_STRIP = NO;
				DEBUG_INFORMATION_FORMAT = "dwarf-with-dsym";
				ENABLE_NS_ASSERTIONS = NO;
				ENABLE_STRICT_OBJC_MSGSEND = YES;
				GCC_C_LANGUAGE_STANDARD = gnu11;
				GCC_NO_COMMON_BLOCKS = YES;
				GCC_WARN_64_TO_32_BIT_CONVERSION = YES;
				GCC_WARN_ABOUT_RETURN_TYPE = YES_ERROR;
				GCC_WARN_UNDECLARED_SELECTOR = YES;
				GCC_WARN_UNINITIALIZED_AUTOS = YES_AGGRESSIVE;
				GCC_WARN_UNUSED_FUNCTION = YES;
				GCC_WARN_UNUSED_VARIABLE = YES;
				IPHONEOS_DEPLOYMENT_TARGET = 12.1;
				MTL_ENABLE_DEBUG_INFO = NO;
				MTL_FAST_MATH = YES;
				SDKROOT = iphoneos;
				SWIFT_COMPILATION_MODE = wholemodule;
				SWIFT_OPTIMIZATION_LEVEL = "-O";
				VALIDATE_PRODUCT = YES;
			};
			name = Release;
		};
		49774BC921C55EBE00D30EB4 /* Debug */ = {
			isa = XCBuildConfiguration;
			buildSettings = {
				ASSETCATALOG_COMPILER_APPICON_NAME = AppIcon;
				CODE_SIGN_STYLE = Automatic;
				DEVELOPMENT_TEAM = WVBJ582J88;
				INFOPLIST_FILE = IamRich/Info.plist;
				LD_RUNPATH_SEARCH_PATHS = (
					"$(inherited)",
					"@executable_path/Frameworks",
				);
				PRODUCT_BUNDLE_IDENTIFIER = com.assuresoft.IamRich;
				PRODUCT_NAME = "$(TARGET_NAME)";
				SWIFT_VERSION = 4.2;
				TARGETED_DEVICE_FAMILY = "1,2";
			};
			name = Debug;
		};
		49774BCA21C55EBE00D30EB4 /* Release */ = {
			isa = XCBuildConfiguration;
			buildSettings = {
				ASSETCATALOG_COMPILER_APPICON_NAME = AppIcon;
				CODE_SIGN_STYLE = Automatic;
				DEVELOPMENT_TEAM = WVBJ582J88;
				INFOPLIST_FILE = IamRich/Info.plist;
				LD_RUNPATH_SEARCH_PATHS = (
					"$(inherited)",
					"@executable_path/Frameworks",
				);
				PRODUCT_BUNDLE_IDENTIFIER = com.assuresoft.IamRich;
				PRODUCT_NAME = "$(TARGET_NAME)";
				SWIFT_VERSION = 4.2;
				TARGETED_DEVICE_FAMILY = "1,2";
			};
			name = Release;
		};
		49774BCC21C55EBE00D30EB4 /* Debug */ = {
			isa = XCBuildConfiguration;
			buildSettings = {
				ALWAYS_EMBED_SWIFT_STANDARD_LIBRARIES = YES;
				BUNDLE_LOADER = "$(TEST_HOST)";
				CODE_SIGN_STYLE = Automatic;
				DEVELOPMENT_TEAM = WVBJ582J88;
				INFOPLIST_FILE = IamRichTests/Info.plist;
				LD_RUNPATH_SEARCH_PATHS = (
					"$(inherited)",
					"@executable_path/Frameworks",
					"@loader_path/Frameworks",
				);
				PRODUCT_BUNDLE_IDENTIFIER = com.assuresoft.IamRichTests;
				PRODUCT_NAME = "$(TARGET_NAME)";
				SWIFT_VERSION = 4.2;
				TARGETED_DEVICE_FAMILY = "1,2";
				TEST_HOST = "$(BUILT_PRODUCTS_DIR)/IamRich.app/IamRich";
			};
			name = Debug;
		};
		49774BCD21C55EBE00D30EB4 /* Release */ = {
			isa = XCBuildConfiguration;
			buildSettings = {
				ALWAYS_EMBED_SWIFT_STANDARD_LIBRARIES = YES;
				BUNDLE_LOADER = "$(TEST_HOST)";
				CODE_SIGN_STYLE = Automatic;
				DEVELOPMENT_TEAM = WVBJ582J88;
				INFOPLIST_FILE = IamRichTests/Info.plist;
				LD_RUNPATH_SEARCH_PATHS = (
					"$(inherited)",
					"@executable_path/Frameworks",
					"@loader_path/Frameworks",
				);
				PRODUCT_BUNDLE_IDENTIFIER = com.assuresoft.IamRichTests;
				PRODUCT_NAME = "$(TARGET_NAME)";
				SWIFT_VERSION = 4.2;
				TARGETED_DEVICE_FAMILY = "1,2";
				TEST_HOST = "$(BUILT_PRODUCTS_DIR)/IamRich.app/IamRich";
			};
			name = Release;
		};
		49774BCF21C55EBE00D30EB4 /* Debug */ = {
			isa = XCBuildConfiguration;
			buildSettings = {
				ALWAYS_EMBED_SWIFT_STANDARD_LIBRARIES = YES;
				CODE_SIGN_STYLE = Automatic;
				DEVELOPMENT_TEAM = WVBJ582J88;
				INFOPLIST_FILE = IamRichUITests/Info.plist;
				LD_RUNPATH_SEARCH_PATHS = (
					"$(inherited)",
					"@executable_path/Frameworks",
					"@loader_path/Frameworks",
				);
				PRODUCT_BUNDLE_IDENTIFIER = com.assuresoft.IamRichUITests;
				PRODUCT_NAME = "$(TARGET_NAME)";
				SWIFT_VERSION = 4.2;
				TARGETED_DEVICE_FAMILY = "1,2";
				TEST_TARGET_NAME = IamRich;
			};
			name = Debug;
		};
		49774BD021C55EBE00D30EB4 /* Release */ = {
			isa = XCBuildConfiguration;
			buildSettings = {
				ALWAYS_EMBED_SWIFT_STANDARD_LIBRARIES = YES;
				CODE_SIGN_STYLE = Automatic;
				DEVELOPMENT_TEAM = WVBJ582J88;
				INFOPLIST_FILE = IamRichUITests/Info.plist;
				LD_RUNPATH_SEARCH_PATHS = (
					"$(inherited)",
					"@executable_path/Frameworks",
					"@loader_path/Frameworks",
				);
				PRODUCT_BUNDLE_IDENTIFIER = com.assuresoft.IamRichUITests;
				PRODUCT_NAME = "$(TARGET_NAME)";
				SWIFT_VERSION = 4.2;
				TARGETED_DEVICE_FAMILY = "1,2";
				TEST_TARGET_NAME = IamRich;
			};
			name = Release;
		};
/* End XCBuildConfiguration section */

/* Begin XCConfigurationList section */
		49774B9B21C55EBC00D30EB4 /* Build configuration list for PBXProject "IamRich" */ = {
			isa = XCConfigurationList;
			buildConfigurations = (
				49774BC621C55EBE00D30EB4 /* Debug */,
				49774BC721C55EBE00D30EB4 /* Release */,
			);
			defaultConfigurationIsVisible = 0;
			defaultConfigurationName = Release;
		};
		49774BC821C55EBE00D30EB4 /* Build configuration list for PBXNativeTarget "IamRich" */ = {
			isa = XCConfigurationList;
			buildConfigurations = (
				49774BC921C55EBE00D30EB4 /* Debug */,
				49774BCA21C55EBE00D30EB4 /* Release */,
			);
			defaultConfigurationIsVisible = 0;
			defaultConfigurationName = Release;
		};
		49774BCB21C55EBE00D30EB4 /* Build configuration list for PBXNativeTarget "IamRichTests" */ = {
			isa = XCConfigurationList;
			buildConfigurations = (
				49774BCC21C55EBE00D30EB4 /* Debug */,
				49774BCD21C55EBE00D30EB4 /* Release */,
			);
			defaultConfigurationIsVisible = 0;
			defaultConfigurationName = Release;
		};
		49774BCE21C55EBE00D30EB4 /* Build configuration list for PBXNativeTarget "IamRichUITests" */ = {
			isa = XCConfigurationList;
			buildConfigurations = (
				49774BCF21C55EBE00D30EB4 /* Debug */,
				49774BD021C55EBE00D30EB4 /* Release */,
			);
			defaultConfigurationIsVisible = 0;
			defaultConfigurationName = Release;
		};
/* End XCConfigurationList section */
	};
	rootObject = 49774B9821C55EBC00D30EB4 /* Project object */;
}
